
Microsoft Visual Studio Solution File, Format Version 12.00
# Visual Studio 14
VisualStudioVersion = 14.0.23107.0
MinimumVisualStudioVersion = 10.0.40219.1
Project("{FAE04EC0-301F-11D3-BF4B-00C04F79EFBC}") = "yazilim_sinama_proje", "AE_Proje\yazilim_sinama_proje.csproj", "{1DDDA530-61BF-4677-9708-6A489127BDF6}"
EndProject
Project("{FAE04EC0-301F-11D3-BF4B-00C04F79EFBC}") = "White_Box", "White_Box\White_Box.csproj", "{A0B2D87D-35DB-40D2-A8B6-E17D8123B280}"
EndProject
Global
	GlobalSection(SolutionConfigurationPlatforms) = preSolution
		Debug|Any CPU = Debug|Any CPU
		Release|Any CPU = Release|Any CPU
	EndGlobalSection
	GlobalSection(ProjectConfigurationPlatforms) = postSolution
		{1DDDA530-61BF-4677-9708-6A489127BDF6}.Debug|Any CPU.ActiveCfg = Debug|Any CPU
		{1DDDA530-61BF-4677-9708-6A489127BDF6}.Debug|Any CPU.Build.0 = Debug|Any CPU
		{1DDDA530-61BF-4677-9708-6A489127BDF6}.Release|Any CPU.ActiveCfg = Release|Any CPU
		{1DDDA530-61BF-4677-9708-6A489127BDF6}.Release|Any CPU.Build.0 = Release|Any CPU
		{A0B2D87D-35DB-40D2-A8B6-E17D8123B280}.Debug|Any CPU.ActiveCfg = Debug|Any CPU
		{A0B2D87D-35DB-40D2-A8B6-E17D8123B280}.Debug|Any CPU.Build.0 = Debug|Any CPU
		{A0B2D87D-35DB-40D2-A8B6-E17D8123B280}.Release|Any CPU.ActiveCfg = Release|Any CPU
		{A0B2D87D-35DB-40D2-A8B6-E17D8123B280}.Release|Any CPU.Build.0 = Release|Any CPU
	EndGlobalSection
	GlobalSection(SolutionProperties) = preSolution
		HideSolutionNode = FALSE
	EndGlobalSection
EndGlobal
